
Microsoft Visual Studio Solution File, Format Version 12.00
# Visual Studio 15
VisualStudioVersion = 15.0.27130.0
MinimumVisualStudioVersion = 10.0.40219.1
Project("{9A19103F-16F7-4668-BE54-9A1E7A4F7556}") = "Anvyl", "Anvyl\Anvyl.csproj", "{7A33788C-ECFC-4C81-B31C-EC42F038E834}"
EndProject
Project("{9A19103F-16F7-4668-BE54-9A1E7A4F7556}") = "Anvyl.Data", "Anvyl.Data\Anvyl.Data.csproj", "{FE6B161C-8A26-4844-9592-B320F2E80C94}"
EndProject
Project("{9A19103F-16F7-4668-BE54-9A1E7A4F7556}") = "Anvyl.Data.Abstract", "Anvyl.Data.Abstract\Anvyl.Data.Abstract.csproj", "{54E31D27-4FFE-4170-BB21-60BD4901D54F}"
EndProject
Project("{9A19103F-16F7-4668-BE54-9A1E7A4F7556}") = "Anvyl.Experimental", "Anvyl.Experimental\Anvyl.Experimental.csproj", "{6DC33352-F884-4B36-9EEB-E1D9EF53BC94}"
EndProject
Project("{9A19103F-16F7-4668-BE54-9A1E7A4F7556}") = "Anvyl.Reflection", "Anvyl.Reflection\Anvyl.Reflection.csproj", "{ADDB00E9-2513-42CA-9473-1C864480BC1B}"
EndProject
Project("{9A19103F-16F7-4668-BE54-9A1E7A4F7556}") = "Anvyl.Experimental.Library", "Anvyl.Experimental.Library\Anvyl.Experimental.Library.csproj", "{71F400BE-2B6C-4F6E-982F-5E570FF49483}"
EndProject
Project("{FAE04EC0-301F-11D3-BF4B-00C04F79EFBC}") = "Anvyl.Data.Validation.Abstract", "Anvyl.Data.Validation.Abstract\Anvyl.Data.Validation.Abstract.csproj", "{661A8D74-68B9-4AC1-A886-B4A734300D34}"
EndProject
Project("{FAE04EC0-301F-11D3-BF4B-00C04F79EFBC}") = "Anvyl.Data.Validation", "Anvyl.Data.Validation\Anvyl.Data.Validation.csproj", "{0ADF2278-053E-4758-B635-141340A79F93}"
EndProject
Global
	GlobalSection(SolutionConfigurationPlatforms) = preSolution
		Debug|Any CPU = Debug|Any CPU
		Release|Any CPU = Release|Any CPU
	EndGlobalSection
	GlobalSection(ProjectConfigurationPlatforms) = postSolution
		{7A33788C-ECFC-4C81-B31C-EC42F038E834}.Debug|Any CPU.ActiveCfg = Debug|Any CPU
		{7A33788C-ECFC-4C81-B31C-EC42F038E834}.Debug|Any CPU.Build.0 = Debug|Any CPU
		{7A33788C-ECFC-4C81-B31C-EC42F038E834}.Release|Any CPU.ActiveCfg = Release|Any CPU
		{7A33788C-ECFC-4C81-B31C-EC42F038E834}.Release|Any CPU.Build.0 = Release|Any CPU
		{FE6B161C-8A26-4844-9592-B320F2E80C94}.Debug|Any CPU.ActiveCfg = Debug|Any CPU
		{FE6B161C-8A26-4844-9592-B320F2E80C94}.Debug|Any CPU.Build.0 = Debug|Any CPU
		{FE6B161C-8A26-4844-9592-B320F2E80C94}.Release|Any CPU.ActiveCfg = Release|Any CPU
		{FE6B161C-8A26-4844-9592-B320F2E80C94}.Release|Any CPU.Build.0 = Release|Any CPU
		{54E31D27-4FFE-4170-BB21-60BD4901D54F}.Debug|Any CPU.ActiveCfg = Debug|Any CPU
		{54E31D27-4FFE-4170-BB21-60BD4901D54F}.Debug|Any CPU.Build.0 = Debug|Any CPU
		{54E31D27-4FFE-4170-BB21-60BD4901D54F}.Release|Any CPU.ActiveCfg = Release|Any CPU
		{54E31D27-4FFE-4170-BB21-60BD4901D54F}.Release|Any CPU.Build.0 = Release|Any CPU
		{6DC33352-F884-4B36-9EEB-E1D9EF53BC94}.Debug|Any CPU.ActiveCfg = Debug|Any CPU
		{6DC33352-F884-4B36-9EEB-E1D9EF53BC94}.Debug|Any CPU.Build.0 = Debug|Any CPU
		{6DC33352-F884-4B36-9EEB-E1D9EF53BC94}.Release|Any CPU.ActiveCfg = Release|Any CPU
		{6DC33352-F884-4B36-9EEB-E1D9EF53BC94}.Release|Any CPU.Build.0 = Release|Any CPU
		{ADDB00E9-2513-42CA-9473-1C864480BC1B}.Debug|Any CPU.ActiveCfg = Debug|Any CPU
		{ADDB00E9-2513-42CA-9473-1C864480BC1B}.Debug|Any CPU.Build.0 = Debug|Any CPU
		{ADDB00E9-2513-42CA-9473-1C864480BC1B}.Release|Any CPU.ActiveCfg = Release|Any CPU
		{ADDB00E9-2513-42CA-9473-1C864480BC1B}.Release|Any CPU.Build.0 = Release|Any CPU
		{71F400BE-2B6C-4F6E-982F-5E570FF49483}.Debug|Any CPU.ActiveCfg = Debug|Any CPU
		{71F400BE-2B6C-4F6E-982F-5E570FF49483}.Debug|Any CPU.Build.0 = Debug|Any CPU
		{71F400BE-2B6C-4F6E-982F-5E570FF49483}.Release|Any CPU.ActiveCfg = Release|Any CPU
		{71F400BE-2B6C-4F6E-982F-5E570FF49483}.Release|Any CPU.Build.0 = Release|Any CPU
		{661A8D74-68B9-4AC1-A886-B4A734300D34}.Debug|Any CPU.ActiveCfg = Debug|Any CPU
		{661A8D74-68B9-4AC1-A886-B4A734300D34}.Debug|Any CPU.Build.0 = Debug|Any CPU
		{661A8D74-68B9-4AC1-A886-B4A734300D34}.Release|Any CPU.ActiveCfg = Release|Any CPU
		{661A8D74-68B9-4AC1-A886-B4A734300D34}.Release|Any CPU.Build.0 = Release|Any CPU
		{0ADF2278-053E-4758-B635-141340A79F93}.Debug|Any CPU.ActiveCfg = Debug|Any CPU
		{0ADF2278-053E-4758-B635-141340A79F93}.Debug|Any CPU.Build.0 = Debug|Any CPU
		{0ADF2278-053E-4758-B635-141340A79F93}.Release|Any CPU.ActiveCfg = Release|Any CPU
		{0ADF2278-053E-4758-B635-141340A79F93}.Release|Any CPU.Build.0 = Release|Any CPU
	EndGlobalSection
	GlobalSection(SolutionProperties) = preSolution
		HideSolutionNode = FALSE
	EndGlobalSection
	GlobalSection(ExtensibilityGlobals) = postSolution
		SolutionGuid = {8EA44087-367B-4748-BCDA-99F4801BCF37}
	EndGlobalSection
EndGlobal
